
Microsoft Visual Studio Solution File, Format Version 12.00
# Visual Studio Version 17
VisualStudioVersion = 17.0.31903.59
MinimumVisualStudioVersion = 10.0.40219.1
Project("{2150E333-8FDC-42A3-9474-1A3956D46DE8}") = "Consumers", "Consumers", "{B7D33DBD-6004-4484-9A2D-690FA86EB56E}"
	ProjectSection(SolutionItems) = preProject
		Consumers\Dockerfile = Consumers\Dockerfile
	EndProjectSection
EndProject
Project("{2150E333-8FDC-42A3-9474-1A3956D46DE8}") = "StaticFiles", "StaticFiles", "{C641FEAE-A13D-4FA4-9F9A-ACAECB4B752D}"
	ProjectSection(SolutionItems) = preProject
		StaticFiles\Dockerfile = StaticFiles\Dockerfile
	EndProjectSection
EndProject
Project("{2150E333-8FDC-42A3-9474-1A3956D46DE8}") = "Gatekeeper", "Gatekeeper", "{C0199F90-4A5A-4D42-9613-249D483042C6}"
	ProjectSection(SolutionItems) = preProject
		Gatekeeper\Dockerfile = Gatekeeper\Dockerfile
	EndProjectSection
EndProject
Project("{FAE04EC0-301F-11D3-BF4B-00C04F79EFBC}") = "Gatekeeper.WebApi", "Gatekeeper\WebApi\Gatekeeper.WebApi.csproj", "{A76504F8-E82A-4A95-A488-FC9C2EF59C00}"
EndProject
Project("{FAE04EC0-301F-11D3-BF4B-00C04F79EFBC}") = "StaticFiles.WebApi", "StaticFiles\WebApi\StaticFiles.WebApi.csproj", "{78082254-FAF6-4DAF-9C84-009742803D49}"
EndProject
Project("{2150E333-8FDC-42A3-9474-1A3956D46DE8}") = "Core", "Core", "{C005392E-6AC9-426A-93D8-AA7B40340B5B}"
EndProject
Project("{2150E333-8FDC-42A3-9474-1A3956D46DE8}") = "Infrastructure", "Infrastructure", "{1317C81F-A4E7-44E3-8016-8378D6552B92}"
EndProject
Project("{FAE04EC0-301F-11D3-BF4B-00C04F79EFBC}") = "Consumers.Domain", "Consumers\Core\Domain\Consumers.Domain.csproj", "{604D7FC0-F951-4262-B0F8-158E58F2D490}"
EndProject
Project("{FAE04EC0-301F-11D3-BF4B-00C04F79EFBC}") = "Consumers.Application", "Consumers\Core\Application\Consumers.Application.csproj", "{349E7095-B96B-4A2A-B4B2-F1A27E5115F1}"
EndProject
Project("{FAE04EC0-301F-11D3-BF4B-00C04F79EFBC}") = "Consumers.Persistence", "Consumers\Infrastructure\Persistence\Consumers.Persistence.csproj", "{2A4A982E-1108-4D53-AA7D-3DC5268A6FBF}"
EndProject
Project("{FAE04EC0-301F-11D3-BF4B-00C04F79EFBC}") = "Consumers.Presentation", "Consumers\Presentation\Consumers.Presentation.csproj", "{F51528FA-337D-417A-989D-DE37D5661FB8}"
EndProject
Project("{FAE04EC0-301F-11D3-BF4B-00C04F79EFBC}") = "Consumers.WebApi", "Consumers\WebApi\Consumers.WebApi.csproj", "{A7382C2A-1A6E-4A18-AAE8-C57F35DC92EC}"
EndProject
Project("{2150E333-8FDC-42A3-9474-1A3956D46DE8}") = "Providers", "Providers", "{10C79825-619A-465D-A3BA-8EE0FB69F31D}"
EndProject
Project("{2150E333-8FDC-42A3-9474-1A3956D46DE8}") = "Core", "Core", "{2B9F13DB-3B30-4E99-B6A7-D29E19A704DA}"
EndProject
Project("{2150E333-8FDC-42A3-9474-1A3956D46DE8}") = "Infrastructure", "Infrastructure", "{EB4DC760-EC95-4F29-869F-580BBA5C0828}"
EndProject
Project("{FAE04EC0-301F-11D3-BF4B-00C04F79EFBC}") = "Providers.Domain", "Providers\Core\Domain\Providers.Domain.csproj", "{767052BF-6C7A-4B12-ABE0-47E1D0CE1C8B}"
EndProject
Project("{FAE04EC0-301F-11D3-BF4B-00C04F79EFBC}") = "Providers.Application", "Providers\Core\Application\Providers.Application.csproj", "{6A1BCA40-E110-4C22-B73E-54CE456F7305}"
EndProject
Project("{FAE04EC0-301F-11D3-BF4B-00C04F79EFBC}") = "Providers.Persistence", "Providers\Infrastructure\Persistence\Providers.Persistence.csproj", "{89C7E6C1-2D26-4F67-BFA4-987D579A8AD5}"
EndProject
Project("{FAE04EC0-301F-11D3-BF4B-00C04F79EFBC}") = "Providers.Presentation", "Providers\Presentation\Providers.Presentation.csproj", "{FA3653F0-EE76-43C9-9B00-27FE28699349}"
EndProject
Project("{FAE04EC0-301F-11D3-BF4B-00C04F79EFBC}") = "Providers.WebApi", "Providers\WebApi\Providers.WebApi.csproj", "{F2FC653F-A437-4EDE-803C-773BE15D7857}"
EndProject
Project("{2150E333-8FDC-42A3-9474-1A3956D46DE8}") = "Messaging", "Messaging", "{01A9B235-5165-4840-9E81-807B881C1EBA}"
EndProject
Project("{FAE04EC0-301F-11D3-BF4B-00C04F79EFBC}") = "Messaging.Contracts", "Messaging\Contracts\Messaging.Contracts.csproj", "{0F3CECAA-F2F5-46D1-8F32-0113FF790C25}"
EndProject
Project("{2150E333-8FDC-42A3-9474-1A3956D46DE8}") = "Contracts", "Contracts", "{A7988383-ABC8-4383-BD49-69A89A296290}"
EndProject
Project("{2150E333-8FDC-42A3-9474-1A3956D46DE8}") = "Core", "Core", "{D0610FC0-38A9-433D-B1E9-9ADD6E1C7CBD}"
EndProject
Project("{2150E333-8FDC-42A3-9474-1A3956D46DE8}") = "Infrastructure", "Infrastructure", "{5CC788C9-ADD5-4E2E-A48A-3A3CEF00DDA3}"
EndProject
Project("{FAE04EC0-301F-11D3-BF4B-00C04F79EFBC}") = "Contracts.Domain", "Contracts\Core\Domain\Contracts.Domain.csproj", "{E5ACFFD2-17C7-40C2-9C5F-81CDDAE01F82}"
EndProject
Project("{FAE04EC0-301F-11D3-BF4B-00C04F79EFBC}") = "Contracts.Application", "Contracts\Core\Application\Contracts.Application.csproj", "{37D0377F-B9B9-47DD-B940-26BA0817DF81}"
EndProject
Project("{FAE04EC0-301F-11D3-BF4B-00C04F79EFBC}") = "Contracts.Persistence", "Contracts\Infrastructure\Persistence\Contracts.Persistence.csproj", "{1E8FEA21-930F-400A-9B88-43322A2DA888}"
EndProject
Project("{FAE04EC0-301F-11D3-BF4B-00C04F79EFBC}") = "Contracts.Presentation", "Contracts\Presentation\Contracts.Presentation.csproj", "{D0AE5A65-0AF4-4BED-A422-D6EE7B8A8E9D}"
EndProject
Project("{FAE04EC0-301F-11D3-BF4B-00C04F79EFBC}") = "Contracts.WebApi", "Contracts\WebApi\Contracts.WebApi.csproj", "{4326DEAE-9275-4148-BCAD-BBCB7D79CEE2}"
EndProject
Global
	GlobalSection(SolutionConfigurationPlatforms) = preSolution
		Debug|Any CPU = Debug|Any CPU
		Release|Any CPU = Release|Any CPU
	EndGlobalSection
	GlobalSection(SolutionProperties) = preSolution
		HideSolutionNode = FALSE
	EndGlobalSection
	GlobalSection(ProjectConfigurationPlatforms) = postSolution
		{A76504F8-E82A-4A95-A488-FC9C2EF59C00}.Debug|Any CPU.ActiveCfg = Debug|Any CPU
		{A76504F8-E82A-4A95-A488-FC9C2EF59C00}.Debug|Any CPU.Build.0 = Debug|Any CPU
		{A76504F8-E82A-4A95-A488-FC9C2EF59C00}.Release|Any CPU.ActiveCfg = Release|Any CPU
		{A76504F8-E82A-4A95-A488-FC9C2EF59C00}.Release|Any CPU.Build.0 = Release|Any CPU
		{78082254-FAF6-4DAF-9C84-009742803D49}.Debug|Any CPU.ActiveCfg = Debug|Any CPU
		{78082254-FAF6-4DAF-9C84-009742803D49}.Debug|Any CPU.Build.0 = Debug|Any CPU
		{78082254-FAF6-4DAF-9C84-009742803D49}.Release|Any CPU.ActiveCfg = Release|Any CPU
		{78082254-FAF6-4DAF-9C84-009742803D49}.Release|Any CPU.Build.0 = Release|Any CPU
		{604D7FC0-F951-4262-B0F8-158E58F2D490}.Debug|Any CPU.ActiveCfg = Debug|Any CPU
		{604D7FC0-F951-4262-B0F8-158E58F2D490}.Debug|Any CPU.Build.0 = Debug|Any CPU
		{604D7FC0-F951-4262-B0F8-158E58F2D490}.Release|Any CPU.ActiveCfg = Release|Any CPU
		{604D7FC0-F951-4262-B0F8-158E58F2D490}.Release|Any CPU.Build.0 = Release|Any CPU
		{349E7095-B96B-4A2A-B4B2-F1A27E5115F1}.Debug|Any CPU.ActiveCfg = Debug|Any CPU
		{349E7095-B96B-4A2A-B4B2-F1A27E5115F1}.Debug|Any CPU.Build.0 = Debug|Any CPU
		{349E7095-B96B-4A2A-B4B2-F1A27E5115F1}.Release|Any CPU.ActiveCfg = Release|Any CPU
		{349E7095-B96B-4A2A-B4B2-F1A27E5115F1}.Release|Any CPU.Build.0 = Release|Any CPU
		{2A4A982E-1108-4D53-AA7D-3DC5268A6FBF}.Debug|Any CPU.ActiveCfg = Debug|Any CPU
		{2A4A982E-1108-4D53-AA7D-3DC5268A6FBF}.Debug|Any CPU.Build.0 = Debug|Any CPU
		{2A4A982E-1108-4D53-AA7D-3DC5268A6FBF}.Release|Any CPU.ActiveCfg = Release|Any CPU
		{2A4A982E-1108-4D53-AA7D-3DC5268A6FBF}.Release|Any CPU.Build.0 = Release|Any CPU
		{F51528FA-337D-417A-989D-DE37D5661FB8}.Debug|Any CPU.ActiveCfg = Debug|Any CPU
		{F51528FA-337D-417A-989D-DE37D5661FB8}.Debug|Any CPU.Build.0 = Debug|Any CPU
		{F51528FA-337D-417A-989D-DE37D5661FB8}.Release|Any CPU.ActiveCfg = Release|Any CPU
		{F51528FA-337D-417A-989D-DE37D5661FB8}.Release|Any CPU.Build.0 = Release|Any CPU
		{A7382C2A-1A6E-4A18-AAE8-C57F35DC92EC}.Debug|Any CPU.ActiveCfg = Debug|Any CPU
		{A7382C2A-1A6E-4A18-AAE8-C57F35DC92EC}.Debug|Any CPU.Build.0 = Debug|Any CPU
		{A7382C2A-1A6E-4A18-AAE8-C57F35DC92EC}.Release|Any CPU.ActiveCfg = Release|Any CPU
		{A7382C2A-1A6E-4A18-AAE8-C57F35DC92EC}.Release|Any CPU.Build.0 = Release|Any CPU
		{767052BF-6C7A-4B12-ABE0-47E1D0CE1C8B}.Debug|Any CPU.ActiveCfg = Debug|Any CPU
		{767052BF-6C7A-4B12-ABE0-47E1D0CE1C8B}.Debug|Any CPU.Build.0 = Debug|Any CPU
		{767052BF-6C7A-4B12-ABE0-47E1D0CE1C8B}.Release|Any CPU.ActiveCfg = Release|Any CPU
		{767052BF-6C7A-4B12-ABE0-47E1D0CE1C8B}.Release|Any CPU.Build.0 = Release|Any CPU
		{6A1BCA40-E110-4C22-B73E-54CE456F7305}.Debug|Any CPU.ActiveCfg = Debug|Any CPU
		{6A1BCA40-E110-4C22-B73E-54CE456F7305}.Debug|Any CPU.Build.0 = Debug|Any CPU
		{6A1BCA40-E110-4C22-B73E-54CE456F7305}.Release|Any CPU.ActiveCfg = Release|Any CPU
		{6A1BCA40-E110-4C22-B73E-54CE456F7305}.Release|Any CPU.Build.0 = Release|Any CPU
		{89C7E6C1-2D26-4F67-BFA4-987D579A8AD5}.Debug|Any CPU.ActiveCfg = Debug|Any CPU
		{89C7E6C1-2D26-4F67-BFA4-987D579A8AD5}.Debug|Any CPU.Build.0 = Debug|Any CPU
		{89C7E6C1-2D26-4F67-BFA4-987D579A8AD5}.Release|Any CPU.ActiveCfg = Release|Any CPU
		{89C7E6C1-2D26-4F67-BFA4-987D579A8AD5}.Release|Any CPU.Build.0 = Release|Any CPU
		{FA3653F0-EE76-43C9-9B00-27FE28699349}.Debug|Any CPU.ActiveCfg = Debug|Any CPU
		{FA3653F0-EE76-43C9-9B00-27FE28699349}.Debug|Any CPU.Build.0 = Debug|Any CPU
		{FA3653F0-EE76-43C9-9B00-27FE28699349}.Release|Any CPU.ActiveCfg = Release|Any CPU
		{FA3653F0-EE76-43C9-9B00-27FE28699349}.Release|Any CPU.Build.0 = Release|Any CPU
		{F2FC653F-A437-4EDE-803C-773BE15D7857}.Debug|Any CPU.ActiveCfg = Debug|Any CPU
		{F2FC653F-A437-4EDE-803C-773BE15D7857}.Debug|Any CPU.Build.0 = Debug|Any CPU
		{F2FC653F-A437-4EDE-803C-773BE15D7857}.Release|Any CPU.ActiveCfg = Release|Any CPU
		{F2FC653F-A437-4EDE-803C-773BE15D7857}.Release|Any CPU.Build.0 = Release|Any CPU
		{0F3CECAA-F2F5-46D1-8F32-0113FF790C25}.Debug|Any CPU.ActiveCfg = Debug|Any CPU
		{0F3CECAA-F2F5-46D1-8F32-0113FF790C25}.Debug|Any CPU.Build.0 = Debug|Any CPU
		{0F3CECAA-F2F5-46D1-8F32-0113FF790C25}.Release|Any CPU.ActiveCfg = Release|Any CPU
		{0F3CECAA-F2F5-46D1-8F32-0113FF790C25}.Release|Any CPU.Build.0 = Release|Any CPU
		{E5ACFFD2-17C7-40C2-9C5F-81CDDAE01F82}.Debug|Any CPU.ActiveCfg = Debug|Any CPU
		{E5ACFFD2-17C7-40C2-9C5F-81CDDAE01F82}.Debug|Any CPU.Build.0 = Debug|Any CPU
		{E5ACFFD2-17C7-40C2-9C5F-81CDDAE01F82}.Release|Any CPU.ActiveCfg = Release|Any CPU
		{E5ACFFD2-17C7-40C2-9C5F-81CDDAE01F82}.Release|Any CPU.Build.0 = Release|Any CPU
		{37D0377F-B9B9-47DD-B940-26BA0817DF81}.Debug|Any CPU.ActiveCfg = Debug|Any CPU
		{37D0377F-B9B9-47DD-B940-26BA0817DF81}.Debug|Any CPU.Build.0 = Debug|Any CPU
		{37D0377F-B9B9-47DD-B940-26BA0817DF81}.Release|Any CPU.ActiveCfg = Release|Any CPU
		{37D0377F-B9B9-47DD-B940-26BA0817DF81}.Release|Any CPU.Build.0 = Release|Any CPU
		{1E8FEA21-930F-400A-9B88-43322A2DA888}.Debug|Any CPU.ActiveCfg = Debug|Any CPU
		{1E8FEA21-930F-400A-9B88-43322A2DA888}.Debug|Any CPU.Build.0 = Debug|Any CPU
		{1E8FEA21-930F-400A-9B88-43322A2DA888}.Release|Any CPU.ActiveCfg = Release|Any CPU
		{1E8FEA21-930F-400A-9B88-43322A2DA888}.Release|Any CPU.Build.0 = Release|Any CPU
		{D0AE5A65-0AF4-4BED-A422-D6EE7B8A8E9D}.Debug|Any CPU.ActiveCfg = Debug|Any CPU
		{D0AE5A65-0AF4-4BED-A422-D6EE7B8A8E9D}.Debug|Any CPU.Build.0 = Debug|Any CPU
		{D0AE5A65-0AF4-4BED-A422-D6EE7B8A8E9D}.Release|Any CPU.ActiveCfg = Release|Any CPU
		{D0AE5A65-0AF4-4BED-A422-D6EE7B8A8E9D}.Release|Any CPU.Build.0 = Release|Any CPU
		{4326DEAE-9275-4148-BCAD-BBCB7D79CEE2}.Debug|Any CPU.ActiveCfg = Debug|Any CPU
		{4326DEAE-9275-4148-BCAD-BBCB7D79CEE2}.Debug|Any CPU.Build.0 = Debug|Any CPU
		{4326DEAE-9275-4148-BCAD-BBCB7D79CEE2}.Release|Any CPU.ActiveCfg = Release|Any CPU
		{4326DEAE-9275-4148-BCAD-BBCB7D79CEE2}.Release|Any CPU.Build.0 = Release|Any CPU
	EndGlobalSection
	GlobalSection(NestedProjects) = preSolution
		{A76504F8-E82A-4A95-A488-FC9C2EF59C00} = {C0199F90-4A5A-4D42-9613-249D483042C6}
		{78082254-FAF6-4DAF-9C84-009742803D49} = {C641FEAE-A13D-4FA4-9F9A-ACAECB4B752D}
		{C005392E-6AC9-426A-93D8-AA7B40340B5B} = {B7D33DBD-6004-4484-9A2D-690FA86EB56E}
		{1317C81F-A4E7-44E3-8016-8378D6552B92} = {B7D33DBD-6004-4484-9A2D-690FA86EB56E}
		{604D7FC0-F951-4262-B0F8-158E58F2D490} = {C005392E-6AC9-426A-93D8-AA7B40340B5B}
		{349E7095-B96B-4A2A-B4B2-F1A27E5115F1} = {C005392E-6AC9-426A-93D8-AA7B40340B5B}
		{2A4A982E-1108-4D53-AA7D-3DC5268A6FBF} = {1317C81F-A4E7-44E3-8016-8378D6552B92}
		{F51528FA-337D-417A-989D-DE37D5661FB8} = {B7D33DBD-6004-4484-9A2D-690FA86EB56E}
		{A7382C2A-1A6E-4A18-AAE8-C57F35DC92EC} = {B7D33DBD-6004-4484-9A2D-690FA86EB56E}
		{EB4DC760-EC95-4F29-869F-580BBA5C0828} = {10C79825-619A-465D-A3BA-8EE0FB69F31D}
		{767052BF-6C7A-4B12-ABE0-47E1D0CE1C8B} = {2B9F13DB-3B30-4E99-B6A7-D29E19A704DA}
		{6A1BCA40-E110-4C22-B73E-54CE456F7305} = {2B9F13DB-3B30-4E99-B6A7-D29E19A704DA}
		{89C7E6C1-2D26-4F67-BFA4-987D579A8AD5} = {EB4DC760-EC95-4F29-869F-580BBA5C0828}
		{FA3653F0-EE76-43C9-9B00-27FE28699349} = {10C79825-619A-465D-A3BA-8EE0FB69F31D}
		{F2FC653F-A437-4EDE-803C-773BE15D7857} = {10C79825-619A-465D-A3BA-8EE0FB69F31D}
		{2B9F13DB-3B30-4E99-B6A7-D29E19A704DA} = {10C79825-619A-465D-A3BA-8EE0FB69F31D}
		{0F3CECAA-F2F5-46D1-8F32-0113FF790C25} = {01A9B235-5165-4840-9E81-807B881C1EBA}
		{D0610FC0-38A9-433D-B1E9-9ADD6E1C7CBD} = {A7988383-ABC8-4383-BD49-69A89A296290}
		{5CC788C9-ADD5-4E2E-A48A-3A3CEF00DDA3} = {A7988383-ABC8-4383-BD49-69A89A296290}
		{E5ACFFD2-17C7-40C2-9C5F-81CDDAE01F82} = {D0610FC0-38A9-433D-B1E9-9ADD6E1C7CBD}
		{37D0377F-B9B9-47DD-B940-26BA0817DF81} = {D0610FC0-38A9-433D-B1E9-9ADD6E1C7CBD}
		{1E8FEA21-930F-400A-9B88-43322A2DA888} = {5CC788C9-ADD5-4E2E-A48A-3A3CEF00DDA3}
		{D0AE5A65-0AF4-4BED-A422-D6EE7B8A8E9D} = {A7988383-ABC8-4383-BD49-69A89A296290}
		{4326DEAE-9275-4148-BCAD-BBCB7D79CEE2} = {A7988383-ABC8-4383-BD49-69A89A296290}
	EndGlobalSection
EndGlobal
