
Microsoft Visual Studio Solution File, Format Version 12.00
# Visual Studio Version 17
VisualStudioVersion = 17.0.31903.59
MinimumVisualStudioVersion = 10.0.40219.1
Project("{2150E333-8FDC-42A3-9474-1A3956D46DE8}") = "gatekeeper", "gatekeeper", "{3AE2D793-081E-42F5-BEA3-F1E621988825}"
EndProject
Project("{FAE04EC0-301F-11D3-BF4B-00C04F79EFBC}") = "Gatekeeper.WebApi", "gatekeeper\WebApi\Gatekeeper.WebApi.csproj", "{B86F4730-F364-4B21-A5CE-BA35B3EC28CC}"
EndProject
Project("{2150E333-8FDC-42A3-9474-1A3956D46DE8}") = "orders", "orders", "{3A4C470A-920B-48B5-97BA-24BE3A2C138E}"
EndProject
Project("{2150E333-8FDC-42A3-9474-1A3956D46DE8}") = "Core", "Core", "{34EE3849-D55F-4D14-B9FA-201A645B4AA3}"
EndProject
Project("{FAE04EC0-301F-11D3-BF4B-00C04F79EFBC}") = "Orders.Application", "orders\Core\Application\Orders.Application.csproj", "{D7BAA8CB-BEBA-490C-88B1-968542FE4A91}"
EndProject
Project("{FAE04EC0-301F-11D3-BF4B-00C04F79EFBC}") = "Orders.Domain", "orders\Core\Domain\Orders.Domain.csproj", "{9F7E9DF2-3C22-4380-8501-BC84A2471474}"
EndProject
Project("{2150E333-8FDC-42A3-9474-1A3956D46DE8}") = "Infrastructure", "Infrastructure", "{6521CBC4-849B-4BA1-9B83-E0DCEF43B6F3}"
EndProject
Project("{FAE04EC0-301F-11D3-BF4B-00C04F79EFBC}") = "Orders.Persistence", "orders\Infrastructure\Persistence\Orders.Persistence.csproj", "{CEED560D-955D-4BFE-A414-7D7520FE1414}"
EndProject
Project("{FAE04EC0-301F-11D3-BF4B-00C04F79EFBC}") = "Orders.Presentation", "orders\Presentation\Orders.Presentation.csproj", "{16E9232F-0A53-40E4-9CE2-A2DF66670EF6}"
EndProject
Project("{FAE04EC0-301F-11D3-BF4B-00C04F79EFBC}") = "Orders.WebApi", "orders\WebApi\Orders.WebApi.csproj", "{14C50648-4F34-4D26-9EA7-880A32C59451}"
EndProject
Project("{2150E333-8FDC-42A3-9474-1A3956D46DE8}") = "static-files", "static-files", "{17D133A6-B0BE-415F-9565-8DB6BCDF22DD}"
EndProject
Project("{FAE04EC0-301F-11D3-BF4B-00C04F79EFBC}") = "StaticFiles.WebApi", "static-files\WebApi\StaticFiles.WebApi.csproj", "{0E41B056-41BA-4ADD-AF75-EBEFEDC3A541}"
EndProject
Global
	GlobalSection(SolutionConfigurationPlatforms) = preSolution
		Debug|Any CPU = Debug|Any CPU
		Release|Any CPU = Release|Any CPU
	EndGlobalSection
	GlobalSection(SolutionProperties) = preSolution
		HideSolutionNode = FALSE
	EndGlobalSection
	GlobalSection(ProjectConfigurationPlatforms) = postSolution
		{B86F4730-F364-4B21-A5CE-BA35B3EC28CC}.Debug|Any CPU.ActiveCfg = Debug|Any CPU
		{B86F4730-F364-4B21-A5CE-BA35B3EC28CC}.Debug|Any CPU.Build.0 = Debug|Any CPU
		{B86F4730-F364-4B21-A5CE-BA35B3EC28CC}.Release|Any CPU.ActiveCfg = Release|Any CPU
		{B86F4730-F364-4B21-A5CE-BA35B3EC28CC}.Release|Any CPU.Build.0 = Release|Any CPU
		{D7BAA8CB-BEBA-490C-88B1-968542FE4A91}.Debug|Any CPU.ActiveCfg = Debug|Any CPU
		{D7BAA8CB-BEBA-490C-88B1-968542FE4A91}.Debug|Any CPU.Build.0 = Debug|Any CPU
		{D7BAA8CB-BEBA-490C-88B1-968542FE4A91}.Release|Any CPU.ActiveCfg = Release|Any CPU
		{D7BAA8CB-BEBA-490C-88B1-968542FE4A91}.Release|Any CPU.Build.0 = Release|Any CPU
		{9F7E9DF2-3C22-4380-8501-BC84A2471474}.Debug|Any CPU.ActiveCfg = Debug|Any CPU
		{9F7E9DF2-3C22-4380-8501-BC84A2471474}.Debug|Any CPU.Build.0 = Debug|Any CPU
		{9F7E9DF2-3C22-4380-8501-BC84A2471474}.Release|Any CPU.ActiveCfg = Release|Any CPU
		{9F7E9DF2-3C22-4380-8501-BC84A2471474}.Release|Any CPU.Build.0 = Release|Any CPU
		{CEED560D-955D-4BFE-A414-7D7520FE1414}.Debug|Any CPU.ActiveCfg = Debug|Any CPU
		{CEED560D-955D-4BFE-A414-7D7520FE1414}.Debug|Any CPU.Build.0 = Debug|Any CPU
		{CEED560D-955D-4BFE-A414-7D7520FE1414}.Release|Any CPU.ActiveCfg = Release|Any CPU
		{CEED560D-955D-4BFE-A414-7D7520FE1414}.Release|Any CPU.Build.0 = Release|Any CPU
		{16E9232F-0A53-40E4-9CE2-A2DF66670EF6}.Debug|Any CPU.ActiveCfg = Debug|Any CPU
		{16E9232F-0A53-40E4-9CE2-A2DF66670EF6}.Debug|Any CPU.Build.0 = Debug|Any CPU
		{16E9232F-0A53-40E4-9CE2-A2DF66670EF6}.Release|Any CPU.ActiveCfg = Release|Any CPU
		{16E9232F-0A53-40E4-9CE2-A2DF66670EF6}.Release|Any CPU.Build.0 = Release|Any CPU
		{14C50648-4F34-4D26-9EA7-880A32C59451}.Debug|Any CPU.ActiveCfg = Debug|Any CPU
		{14C50648-4F34-4D26-9EA7-880A32C59451}.Debug|Any CPU.Build.0 = Debug|Any CPU
		{14C50648-4F34-4D26-9EA7-880A32C59451}.Release|Any CPU.ActiveCfg = Release|Any CPU
		{14C50648-4F34-4D26-9EA7-880A32C59451}.Release|Any CPU.Build.0 = Release|Any CPU
		{0E41B056-41BA-4ADD-AF75-EBEFEDC3A541}.Debug|Any CPU.ActiveCfg = Debug|Any CPU
		{0E41B056-41BA-4ADD-AF75-EBEFEDC3A541}.Debug|Any CPU.Build.0 = Debug|Any CPU
		{0E41B056-41BA-4ADD-AF75-EBEFEDC3A541}.Release|Any CPU.ActiveCfg = Release|Any CPU
		{0E41B056-41BA-4ADD-AF75-EBEFEDC3A541}.Release|Any CPU.Build.0 = Release|Any CPU
	EndGlobalSection
	GlobalSection(NestedProjects) = preSolution
		{B86F4730-F364-4B21-A5CE-BA35B3EC28CC} = {3AE2D793-081E-42F5-BEA3-F1E621988825}
		{34EE3849-D55F-4D14-B9FA-201A645B4AA3} = {3A4C470A-920B-48B5-97BA-24BE3A2C138E}
		{D7BAA8CB-BEBA-490C-88B1-968542FE4A91} = {34EE3849-D55F-4D14-B9FA-201A645B4AA3}
		{9F7E9DF2-3C22-4380-8501-BC84A2471474} = {34EE3849-D55F-4D14-B9FA-201A645B4AA3}
		{6521CBC4-849B-4BA1-9B83-E0DCEF43B6F3} = {3A4C470A-920B-48B5-97BA-24BE3A2C138E}
		{CEED560D-955D-4BFE-A414-7D7520FE1414} = {6521CBC4-849B-4BA1-9B83-E0DCEF43B6F3}
		{16E9232F-0A53-40E4-9CE2-A2DF66670EF6} = {3A4C470A-920B-48B5-97BA-24BE3A2C138E}
		{14C50648-4F34-4D26-9EA7-880A32C59451} = {3A4C470A-920B-48B5-97BA-24BE3A2C138E}
		{0E41B056-41BA-4ADD-AF75-EBEFEDC3A541} = {17D133A6-B0BE-415F-9565-8DB6BCDF22DD}
	EndGlobalSection
EndGlobal
